
Microsoft Visual Studio Solution File, Format Version 12.00
# Visual Studio Version 17
VisualStudioVersion = 17.0.32014.148
MinimumVisualStudioVersion = 10.0.40219.1
Project("{9A19103F-16F7-4668-BE54-9A1E7A4F7556}") = "SiliFish", "SiliFish\SiliFish.csproj", "{9F010EFE-E785-4B01-80C9-221FFAABC23C}"
EndProject
Project("{9A19103F-16F7-4668-BE54-9A1E7A4F7556}") = "SiliFish.UI", "SiliFish.UI\SiliFish.UI.csproj", "{E9A88263-B5B7-4B07-AF45-78EDF43394FC}"
EndProject
Project("{2150E333-8FDC-42A3-9474-1A3956D46DE8}") = "Notes", "Notes", "{DF1638C5-F765-4FC3-9197-BFED1B3D4F11}"
	ProjectSection(SolutionItems) = preProject
		..\..\..\Master\OneDrive - University of Ottawa\SiliFish Files\Notes\GithubNotes.txt = ..\..\..\Master\OneDrive - University of Ottawa\SiliFish Files\Notes\GithubNotes.txt
		..\..\..\Master\OneDrive - University of Ottawa\SiliFish Files\Notes\ModelNotes.txt = ..\..\..\Master\OneDrive - University of Ottawa\SiliFish Files\Notes\ModelNotes.txt
		..\..\..\Master\OneDrive - University of Ottawa\SiliFish Files\Notes\QuickNotes.txt = ..\..\..\Master\OneDrive - University of Ottawa\SiliFish Files\Notes\QuickNotes.txt
		..\..\..\Users\Emi\SiliFish\Output\SiliFish.DB = ..\..\..\Users\Emi\SiliFish\Output\SiliFish.DB
		..\..\..\Master\OneDrive - University of Ottawa\SiliFish Files\Notes\Themes.txt = ..\..\..\Master\OneDrive - University of Ottawa\SiliFish Files\Notes\Themes.txt
		..\..\..\Master\OneDrive - University of Ottawa\SiliFish Files\Notes\Todo.txt = ..\..\..\Master\OneDrive - University of Ottawa\SiliFish Files\Notes\Todo.txt
	EndProjectSection
EndProject
Project("{2150E333-8FDC-42A3-9474-1A3956D46DE8}") = "Solution Items", "Solution Items", "{0E2D7DE9-EFE2-42B1-A004-25A049901366}"
	ProjectSection(SolutionItems) = preProject
		.editorconfig = .editorconfig
		3rd PARTY LICENSE = 3rd PARTY LICENSE
		LICENSE = LICENSE
		README.md = README.md
		..\..\..\Users\Emi\SiliFish\Output\SiliFish.DB = ..\..\..\Users\Emi\SiliFish\Output\SiliFish.DB
	EndProjectSection
EndProject
Global
	GlobalSection(SolutionConfigurationPlatforms) = preSolution
		Debug|Any CPU = Debug|Any CPU
		Release|Any CPU = Release|Any CPU
	EndGlobalSection
	GlobalSection(ProjectConfigurationPlatforms) = postSolution
		{9F010EFE-E785-4B01-80C9-221FFAABC23C}.Debug|Any CPU.ActiveCfg = Debug|Any CPU
		{9F010EFE-E785-4B01-80C9-221FFAABC23C}.Debug|Any CPU.Build.0 = Debug|Any CPU
		{9F010EFE-E785-4B01-80C9-221FFAABC23C}.Release|Any CPU.ActiveCfg = Release|Any CPU
		{9F010EFE-E785-4B01-80C9-221FFAABC23C}.Release|Any CPU.Build.0 = Release|Any CPU
		{E9A88263-B5B7-4B07-AF45-78EDF43394FC}.Debug|Any CPU.ActiveCfg = Debug|Any CPU
		{E9A88263-B5B7-4B07-AF45-78EDF43394FC}.Debug|Any CPU.Build.0 = Debug|Any CPU
		{E9A88263-B5B7-4B07-AF45-78EDF43394FC}.Release|Any CPU.ActiveCfg = Release|Any CPU
		{E9A88263-B5B7-4B07-AF45-78EDF43394FC}.Release|Any CPU.Build.0 = Release|Any CPU
	EndGlobalSection
	GlobalSection(SolutionProperties) = preSolution
		HideSolutionNode = FALSE
	EndGlobalSection
	GlobalSection(ExtensibilityGlobals) = postSolution
		SolutionGuid = {DD01BBCC-4455-4A27-8594-77325779AA6B}
	EndGlobalSection
EndGlobal
